GEM
  remote: https://rubygems.org/
  specs:
    base64 (0.3.0)
    bigdecimal (4.1.2)
    logger (1.7.0)
    minitest (5.27.0)
    mustermann (3.1.1)
    mysql2 (0.5.7)
      bigdecimal
    nio4r (2.7.5)
    puma (6.6.1)
      nio4r (~> 2.0)
    rack (3.2.6)
    rack-protection (4.2.1)
      base64 (>= 0.1.0)
      logger (>= 1.6.0)
      rack (>= 3.0.0, < 4)
    rack-session (2.1.2)
      base64 (>= 0.1.0)
      rack (>= 3.0.0)
    rackup (2.3.1)
      rack (>= 3)
    rake (13.4.2)
    sinatra (4.2.1)
      logger (>= 1.6.0)
      mustermann (~> 3.0)
      rack (>= 3.0.0, < 4)
      rack-protection (= 4.2.1)
      rack-session (>= 2.0.0, < 3)
      tilt (~> 2.0)
    tilt (2.7.0)

PLATFORMS
  aarch64-linux
  ruby

DEPENDENCIES
  minitest (~> 5.25)
  mysql2 (~> 0.5.6)
  puma (~> 6.5)
  rackup (~> 2.2)
  rake (~> 13.2)
  sinatra (~> 4.1)

RUBY VERSION
   ruby 3.3.11p205

BUNDLED WITH
   2.5.22
